{
  "originHash" : "79dce5428caa1405ac606b31abf83743efd0ac04437577c389c94171977200ce",
  "pins" : [
    {
      "identity" : "ios-places-sdk",
      "kind" : "remoteSourceControl",
      "location" : "https://github.com/googlemaps/ios-places-sdk",
      "state" : {
        "revision" : "a6ac7dfeba7df305dca7ff89dfc485c41c35c4dc",
        "version" : "10.15.0"
      }
    }
  ],
  "version" : 3
}
